
Microsoft Visual Studio Solution File, Format Version 12.00
# Visual Studio Version 17
VisualStudioVersion = 17.0.32014.148
MinimumVisualStudioVersion = 10.0.40219.1
Project("{FAE04EC0-301F-11D3-BF4B-00C04F79EFBC}") = "WPFPERSONALTRACKING", "WPFPERSONALTRACKING\WPFPERSONALTRACKING.csproj", "{BA1AFB58-E545-4AD6-9079-CF2221BF2E2E}"
EndProject
Global
	GlobalSection(SolutionConfigurationPlatforms) = preSolution
		Debug|Any CPU = Debug|Any CPU
		Release|Any CPU = Release|Any CPU
	EndGlobalSection
	GlobalSection(ProjectConfigurationPlatforms) = postSolution
		{BA1AFB58-E545-4AD6-9079-CF2221BF2E2E}.Debug|Any CPU.ActiveCfg = Debug|Any CPU
		{BA1AFB58-E545-4AD6-9079-CF2221BF2E2E}.Debug|Any CPU.Build.0 = Debug|Any CPU
		{BA1AFB58-E545-4AD6-9079-CF2221BF2E2E}.Release|Any CPU.ActiveCfg = Release|Any CPU
		{BA1AFB58-E545-4AD6-9079-CF2221BF2E2E}.Release|Any CPU.Build.0 = Release|Any CPU
	EndGlobalSection
	GlobalSection(SolutionProperties) = preSolution
		HideSolutionNode = FALSE
	EndGlobalSection
	GlobalSection(ExtensibilityGlobals) = postSolution
		SolutionGuid = {06F015D5-C36E-4FA3-8EB2-98161D095E93}
	EndGlobalSection
EndGlobal
